
Microsoft Visual Studio Solution File, Format Version 12.00
# Visual Studio Version 17
VisualStudioVersion = 17.6.33417.168
MinimumVisualStudioVersion = 10.0.40219.1
Project("{9A19103F-16F7-4668-BE54-9A1E7A4F7556}") = "ProjectP4", "ProjectP4.csproj", "{B40E5FD5-350E-4624-A1F7-2FC600F32A7F}"
EndProject
Project("{FAE04EC0-301F-11D3-BF4B-00C04F79EFBC}") = "Unit Tests", "TESTS\Unit Tests\Unit Tests.csproj", "{E580A6B1-7E3B-4C35-BD76-3E634E87DFA3}"
EndProject
Project("{FAE04EC0-301F-11D3-BF4B-00C04F79EFBC}") = "vGutCompiler.Tests", "vGutCompiler.Tests\vGutCompiler.Tests.csproj", "{70A53F1E-8C13-40A8-A0F5-B0232D10F741}"
EndProject
Global
	GlobalSection(SolutionConfigurationPlatforms) = preSolution
		Debug|Any CPU = Debug|Any CPU
		Release|Any CPU = Release|Any CPU
	EndGlobalSection
	GlobalSection(ProjectConfigurationPlatforms) = postSolution
		{B40E5FD5-350E-4624-A1F7-2FC600F32A7F}.Debug|Any CPU.ActiveCfg = Debug|Any CPU
		{B40E5FD5-350E-4624-A1F7-2FC600F32A7F}.Debug|Any CPU.Build.0 = Debug|Any CPU
		{B40E5FD5-350E-4624-A1F7-2FC600F32A7F}.Release|Any CPU.ActiveCfg = Release|Any CPU
		{B40E5FD5-350E-4624-A1F7-2FC600F32A7F}.Release|Any CPU.Build.0 = Release|Any CPU
		{E580A6B1-7E3B-4C35-BD76-3E634E87DFA3}.Debug|Any CPU.ActiveCfg = Debug|Any CPU
		{E580A6B1-7E3B-4C35-BD76-3E634E87DFA3}.Debug|Any CPU.Build.0 = Debug|Any CPU
		{E580A6B1-7E3B-4C35-BD76-3E634E87DFA3}.Release|Any CPU.ActiveCfg = Release|Any CPU
		{E580A6B1-7E3B-4C35-BD76-3E634E87DFA3}.Release|Any CPU.Build.0 = Release|Any CPU
		{70A53F1E-8C13-40A8-A0F5-B0232D10F741}.Debug|Any CPU.ActiveCfg = Debug|Any CPU
		{70A53F1E-8C13-40A8-A0F5-B0232D10F741}.Debug|Any CPU.Build.0 = Debug|Any CPU
		{70A53F1E-8C13-40A8-A0F5-B0232D10F741}.Release|Any CPU.ActiveCfg = Release|Any CPU
		{70A53F1E-8C13-40A8-A0F5-B0232D10F741}.Release|Any CPU.Build.0 = Release|Any CPU
	EndGlobalSection
	GlobalSection(SolutionProperties) = preSolution
		HideSolutionNode = FALSE
	EndGlobalSection
	GlobalSection(ExtensibilityGlobals) = postSolution
		SolutionGuid = {A3B4F292-56AF-4591-92FE-EABA310C1A67}
	EndGlobalSection
EndGlobal
